<?xml version="1.0" encoding="utf-8"?>
<Project ToolsVersion="17.0" xmlns="http://schemas.microsoft.com/developer/msbuild/2003">
  <ItemGroup>
    <ClCompile Include="C:\Users\Kylian\Downloads\HumongousExplorer\heconsole\src\cmd\CommandParser.cpp">
      <Filter>cmd</Filter>
    </ClCompile>
    <ClCompile Include="C:\Users\Kylian\Downloads\HumongousExplorer\heconsole\src\cmd\commands\DecryptCommand.cpp">
      <Filter>cmd\commands</Filter>
    </ClCompile>
    <ClCompile Include="C:\Users\Kylian\Downloads\HumongousExplorer\heconsole\src\cmd\commands\SummaryCommand.cpp">
      <Filter>cmd\commands</Filter>
    </ClCompile>
    <ClCompile Include="C:\Users\Kylian\Downloads\HumongousExplorer\heconsole\src\cmd\commands\XmlCommand.cpp">
      <Filter>cmd\commands</Filter>
    </ClCompile>
    <ClCompile Include="C:\Users\Kylian\Downloads\HumongousExplorer\heconsole\src\main.cpp" />
    <ClCompile Include="C:\Users\Kylian\Downloads\HumongousExplorer\external\tinyxml\tinyxml2.cpp">
      <Filter>Source Files</Filter>
    </ClCompile>
  </ItemGroup>
  <ItemGroup>
    <ClInclude Include="C:\Users\Kylian\Downloads\HumongousExplorer\heconsole\src\cmd\Command.h">
      <Filter>cmd</Filter>
    </ClInclude>
    <ClInclude Include="C:\Users\Kylian\Downloads\HumongousExplorer\heconsole\src\cmd\CommandParser.h">
      <Filter>cmd</Filter>
    </ClInclude>
    <ClInclude Include="C:\Users\Kylian\Downloads\HumongousExplorer\heconsole\src\cmd\commands\DecryptCommand.h">
      <Filter>cmd\commands</Filter>
    </ClInclude>
    <ClInclude Include="C:\Users\Kylian\Downloads\HumongousExplorer\heconsole\src\cmd\commands\SummaryCommand.h">
      <Filter>cmd\commands</Filter>
    </ClInclude>
    <ClInclude Include="C:\Users\Kylian\Downloads\HumongousExplorer\heconsole\src\cmd\commands\XmlCommand.h">
      <Filter>cmd\commands</Filter>
    </ClInclude>
  </ItemGroup>
  <ItemGroup>
    <CustomBuild Include="C:\Users\Kylian\Downloads\HumongousExplorer\CMakeLists.txt" />
  </ItemGroup>
  <ItemGroup>
    <Filter Include="Source Files">
      <UniqueIdentifier>{581CEC1C-D698-3019-8AAB-D474E5A15510}</UniqueIdentifier>
    </Filter>
    <Filter Include="cmd">
      <UniqueIdentifier>{A9010085-493E-39C7-8029-076568AA9C52}</UniqueIdentifier>
    </Filter>
    <Filter Include="cmd\commands">
      <UniqueIdentifier>{A3D66C56-E500-3242-8017-13B413EDEFA6}</UniqueIdentifier>
    </Filter>
  </ItemGroup>
</Project>
