<?xml version="1.0" encoding="utf-8"?>
<Project ToolsVersion="17.0" xmlns="http://schemas.microsoft.com/developer/msbuild/2003">
  <ItemGroup>
    <ClCompile Include="C:\Users\Kylian\Downloads\HumongousExplorer\hetest\src\main.cpp" />
    <ClCompile Include="C:\Users\Kylian\Downloads\HumongousExplorer\hetest\src\script\OPCodesHE.cpp">
      <Filter>script</Filter>
    </ClCompile>
    <ClCompile Include="C:\Users\Kylian\Downloads\HumongousExplorer\hetest\src\script\ScrArgument.cpp">
      <Filter>script</Filter>
    </ClCompile>
    <ClCompile Include="C:\Users\Kylian\Downloads\HumongousExplorer\hetest\src\script\ScrInstruction.cpp">
      <Filter>script</Filter>
    </ClCompile>
    <ClCompile Include="C:\Users\Kylian\Downloads\HumongousExplorer\hetest\src\script\ScrResource.cpp">
      <Filter>script</Filter>
    </ClCompile>
  </ItemGroup>
  <ItemGroup>
    <ClInclude Include="C:\Users\Kylian\Downloads\HumongousExplorer\hetest\src\script\OPCodesHE.h">
      <Filter>script</Filter>
    </ClInclude>
    <ClInclude Include="C:\Users\Kylian\Downloads\HumongousExplorer\hetest\src\script\ScrArgument.h">
      <Filter>script</Filter>
    </ClInclude>
    <ClInclude Include="C:\Users\Kylian\Downloads\HumongousExplorer\hetest\src\script\ScrArgumentType.h">
      <Filter>script</Filter>
    </ClInclude>
    <ClInclude Include="C:\Users\Kylian\Downloads\HumongousExplorer\hetest\src\script\ScrInstruction.h">
      <Filter>script</Filter>
    </ClInclude>
    <ClInclude Include="C:\Users\Kylian\Downloads\HumongousExplorer\hetest\src\script\ScrResource.h">
      <Filter>script</Filter>
    </ClInclude>
  </ItemGroup>
  <ItemGroup>
    <CustomBuild Include="C:\Users\Kylian\Downloads\HumongousExplorer\CMakeLists.txt" />
  </ItemGroup>
  <ItemGroup>
    <Filter Include="script">
      <UniqueIdentifier>{90BE4EF2-F5A1-314E-8392-9F7ECDA84441}</UniqueIdentifier>
    </Filter>
  </ItemGroup>
</Project>
