
Microsoft Visual Studio Solution File, Format Version 12.00
# Visual Studio Version 17
Project("{2150E333-8FDC-42A3-9474-1A3956D46DE8}") = "CMakePredefinedTargets", "CMakePredefinedTargets", "{44E12A7A-FDCA-38FD-BF55-8FA2BCFF0ADD}"
EndProject
Project("{2150E333-8FDC-42A3-9474-1A3956D46DE8}") = "ThirdParty", "ThirdParty", "{E0831C9F-EFB0-3C1A-9DD6-79994A5781E6}"
EndProject
Project("{8BC9CEB8-8B4A-11D0-8D11-00A0C91BC942}") = "ALL_BUILD", "ALL_BUILD.vcxproj", "{68D03C5D-3ED1-3C26-AC8D-60013429F4C8}"
	ProjectSection(ProjectDependencies) = postProject
		{EE93F633-1138-3CAF-BA8C-A305FF12AFA2} = {EE93F633-1138-3CAF-BA8C-A305FF12AFA2}
		{947560E8-3AF3-3D5F-BBE5-EDE0BACC6A5C} = {947560E8-3AF3-3D5F-BBE5-EDE0BACC6A5C}
		{80C9F0B8-43BE-333A-80C6-98657C6BBCC0} = {80C9F0B8-43BE-333A-80C6-98657C6BBCC0}
		{EC897F1D-1636-3DD0-A38D-978FAC59FD5E} = {EC897F1D-1636-3DD0-A38D-978FAC59FD5E}
		{809743AA-4301-385A-8DBF-46614C958D45} = {809743AA-4301-385A-8DBF-46614C958D45}
		{F40EF9EF-51DB-36FF-8F98-A11D81B391F0} = {F40EF9EF-51DB-36FF-8F98-A11D81B391F0}
	EndProjectSection
EndProject
Project("{8BC9CEB8-8B4A-11D0-8D11-00A0C91BC942}") = "ZERO_CHECK", "ZERO_CHECK.vcxproj", "{EE93F633-1138-3CAF-BA8C-A305FF12AFA2}"
	ProjectSection(ProjectDependencies) = postProject
	EndProjectSection
EndProject
Project("{8BC9CEB8-8B4A-11D0-8D11-00A0C91BC942}") = "heapp", "heapp.vcxproj", "{947560E8-3AF3-3D5F-BBE5-EDE0BACC6A5C}"
	ProjectSection(ProjectDependencies) = postProject
		{EE93F633-1138-3CAF-BA8C-A305FF12AFA2} = {EE93F633-1138-3CAF-BA8C-A305FF12AFA2}
		{EC897F1D-1636-3DD0-A38D-978FAC59FD5E} = {EC897F1D-1636-3DD0-A38D-978FAC59FD5E}
		{F40EF9EF-51DB-36FF-8F98-A11D81B391F0} = {F40EF9EF-51DB-36FF-8F98-A11D81B391F0}
	EndProjectSection
EndProject
Project("{8BC9CEB8-8B4A-11D0-8D11-00A0C91BC942}") = "heconsole", "heconsole.vcxproj", "{80C9F0B8-43BE-333A-80C6-98657C6BBCC0}"
	ProjectSection(ProjectDependencies) = postProject
		{EE93F633-1138-3CAF-BA8C-A305FF12AFA2} = {EE93F633-1138-3CAF-BA8C-A305FF12AFA2}
		{EC897F1D-1636-3DD0-A38D-978FAC59FD5E} = {EC897F1D-1636-3DD0-A38D-978FAC59FD5E}
	EndProjectSection
EndProject
Project("{8BC9CEB8-8B4A-11D0-8D11-00A0C91BC942}") = "helib", "helib.vcxproj", "{EC897F1D-1636-3DD0-A38D-978FAC59FD5E}"
	ProjectSection(ProjectDependencies) = postProject
		{EE93F633-1138-3CAF-BA8C-A305FF12AFA2} = {EE93F633-1138-3CAF-BA8C-A305FF12AFA2}
	EndProjectSection
EndProject
Project("{8BC9CEB8-8B4A-11D0-8D11-00A0C91BC942}") = "hetest", "hetest.vcxproj", "{809743AA-4301-385A-8DBF-46614C958D45}"
	ProjectSection(ProjectDependencies) = postProject
		{EE93F633-1138-3CAF-BA8C-A305FF12AFA2} = {EE93F633-1138-3CAF-BA8C-A305FF12AFA2}
		{EC897F1D-1636-3DD0-A38D-978FAC59FD5E} = {EC897F1D-1636-3DD0-A38D-978FAC59FD5E}
	EndProjectSection
EndProject
Project("{8BC9CEB8-8B4A-11D0-8D11-00A0C91BC942}") = "imgui", "imgui.vcxproj", "{F40EF9EF-51DB-36FF-8F98-A11D81B391F0}"
	ProjectSection(ProjectDependencies) = postProject
		{EE93F633-1138-3CAF-BA8C-A305FF12AFA2} = {EE93F633-1138-3CAF-BA8C-A305FF12AFA2}
	EndProjectSection
EndProject
Global
	GlobalSection(SolutionConfigurationPlatforms) = preSolution
		Release|x64 = Release|x64
		Debug|x64 = Debug|x64
	EndGlobalSection
	GlobalSection(ProjectConfigurationPlatforms) = postSolution
		{68D03C5D-3ED1-3C26-AC8D-60013429F4C8}.Release|x64.ActiveCfg = Release|x64
		{68D03C5D-3ED1-3C26-AC8D-60013429F4C8}.Debug|x64.ActiveCfg = Debug|x64
		{EE93F633-1138-3CAF-BA8C-A305FF12AFA2}.Release|x64.ActiveCfg = Release|x64
		{EE93F633-1138-3CAF-BA8C-A305FF12AFA2}.Release|x64.Build.0 = Release|x64
		{EE93F633-1138-3CAF-BA8C-A305FF12AFA2}.Debug|x64.ActiveCfg = Debug|x64
		{EE93F633-1138-3CAF-BA8C-A305FF12AFA2}.Debug|x64.Build.0 = Debug|x64
		{947560E8-3AF3-3D5F-BBE5-EDE0BACC6A5C}.Release|x64.ActiveCfg = Release|x64
		{947560E8-3AF3-3D5F-BBE5-EDE0BACC6A5C}.Release|x64.Build.0 = Release|x64
		{947560E8-3AF3-3D5F-BBE5-EDE0BACC6A5C}.Debug|x64.ActiveCfg = Debug|x64
		{947560E8-3AF3-3D5F-BBE5-EDE0BACC6A5C}.Debug|x64.Build.0 = Debug|x64
		{80C9F0B8-43BE-333A-80C6-98657C6BBCC0}.Release|x64.ActiveCfg = Release|x64
		{80C9F0B8-43BE-333A-80C6-98657C6BBCC0}.Release|x64.Build.0 = Release|x64
		{80C9F0B8-43BE-333A-80C6-98657C6BBCC0}.Debug|x64.ActiveCfg = Debug|x64
		{80C9F0B8-43BE-333A-80C6-98657C6BBCC0}.Debug|x64.Build.0 = Debug|x64
		{EC897F1D-1636-3DD0-A38D-978FAC59FD5E}.Release|x64.ActiveCfg = Release|x64
		{EC897F1D-1636-3DD0-A38D-978FAC59FD5E}.Release|x64.Build.0 = Release|x64
		{EC897F1D-1636-3DD0-A38D-978FAC59FD5E}.Debug|x64.ActiveCfg = Debug|x64
		{EC897F1D-1636-3DD0-A38D-978FAC59FD5E}.Debug|x64.Build.0 = Debug|x64
		{809743AA-4301-385A-8DBF-46614C958D45}.Release|x64.ActiveCfg = Release|x64
		{809743AA-4301-385A-8DBF-46614C958D45}.Release|x64.Build.0 = Release|x64
		{809743AA-4301-385A-8DBF-46614C958D45}.Debug|x64.ActiveCfg = Debug|x64
		{809743AA-4301-385A-8DBF-46614C958D45}.Debug|x64.Build.0 = Debug|x64
		{F40EF9EF-51DB-36FF-8F98-A11D81B391F0}.Release|x64.ActiveCfg = Release|x64
		{F40EF9EF-51DB-36FF-8F98-A11D81B391F0}.Release|x64.Build.0 = Release|x64
		{F40EF9EF-51DB-36FF-8F98-A11D81B391F0}.Debug|x64.ActiveCfg = Debug|x64
		{F40EF9EF-51DB-36FF-8F98-A11D81B391F0}.Debug|x64.Build.0 = Debug|x64
	EndGlobalSection
	GlobalSection(NestedProjects) = preSolution
		{68D03C5D-3ED1-3C26-AC8D-60013429F4C8} = {44E12A7A-FDCA-38FD-BF55-8FA2BCFF0ADD}
		{EE93F633-1138-3CAF-BA8C-A305FF12AFA2} = {44E12A7A-FDCA-38FD-BF55-8FA2BCFF0ADD}
		{F40EF9EF-51DB-36FF-8F98-A11D81B391F0} = {E0831C9F-EFB0-3C1A-9DD6-79994A5781E6}
	EndGlobalSection
	GlobalSection(ExtensibilityGlobals) = postSolution
		SolutionGuid = {64236AF0-531C-37FB-9ECC-F673D514FD52}
	EndGlobalSection
	GlobalSection(ExtensibilityAddIns) = postSolution
	EndGlobalSection
EndGlobal
